
Microsoft Visual Studio Solution File, Format Version 12.00
# Visual Studio Version 17
VisualStudioVersion = 17.6.33723.286
MinimumVisualStudioVersion = 10.0.40219.1
Project("{FAE04EC0-301F-11D3-BF4B-00C04F79EFBC}") = "Senac.Natação", "Senac.Natação\Senac.Natação.csproj", "{D2737E1F-5658-4897-B8E0-D069A6F16E58}"
EndProject
Global
	GlobalSection(SolutionConfigurationPlatforms) = preSolution
		Debug|Any CPU = Debug|Any CPU
		Release|Any CPU = Release|Any CPU
	EndGlobalSection
	GlobalSection(ProjectConfigurationPlatforms) = postSolution
		{D2737E1F-5658-4897-B8E0-D069A6F16E58}.Debug|Any CPU.ActiveCfg = Debug|Any CPU
		{D2737E1F-5658-4897-B8E0-D069A6F16E58}.Debug|Any CPU.Build.0 = Debug|Any CPU
		{D2737E1F-5658-4897-B8E0-D069A6F16E58}.Release|Any CPU.ActiveCfg = Release|Any CPU
		{D2737E1F-5658-4897-B8E0-D069A6F16E58}.Release|Any CPU.Build.0 = Release|Any CPU
	EndGlobalSection
	GlobalSection(SolutionProperties) = preSolution
		HideSolutionNode = FALSE
	EndGlobalSection
	GlobalSection(ExtensibilityGlobals) = postSolution
		SolutionGuid = {EDB3692A-7B34-4EFE-8DD4-89E7A0B1AE69}
	EndGlobalSection
EndGlobal
